
Microsoft Visual Studio Solution File, Format Version 12.00
# Visual Studio Version 16
VisualStudioVersion = 16.0.29411.108
MinimumVisualStudioVersion = 10.0.40219.1
Project("{FAE04EC0-301F-11D3-BF4B-00C04F79EFBC}") = "StarPractice", "StarPractice.csproj", "{2297909A-2E6E-41D9-919C-8CE32318D0DC}"
EndProject
Global
	GlobalSection(SolutionConfigurationPlatforms) = preSolution
		Debug|Any CPU = Debug|Any CPU
		Release|Any CPU = Release|Any CPU
	EndGlobalSection
	GlobalSection(ProjectConfigurationPlatforms) = postSolution
		{2297909A-2E6E-41D9-919C-8CE32318D0DC}.Debug|Any CPU.ActiveCfg = Debug|Any CPU
		{2297909A-2E6E-41D9-919C-8CE32318D0DC}.Debug|Any CPU.Build.0 = Debug|Any CPU
		{2297909A-2E6E-41D9-919C-8CE32318D0DC}.Release|Any CPU.ActiveCfg = Release|Any CPU
		{2297909A-2E6E-41D9-919C-8CE32318D0DC}.Release|Any CPU.Build.0 = Release|Any CPU
	EndGlobalSection
	GlobalSection(SolutionProperties) = preSolution
		HideSolutionNode = FALSE
	EndGlobalSection
	GlobalSection(ExtensibilityGlobals) = postSolution
		SolutionGuid = {884C4BD2-5F46-4E99-A843-912C4EBEB9F5}
	EndGlobalSection
EndGlobal
